
Microsoft Visual Studio Solution File, Format Version 12.00
# Visual Studio 15
VisualStudioVersion = 15.0.26430.6
MinimumVisualStudioVersion = 10.0.40219.1
Project("{FAE04EC0-301F-11D3-BF4B-00C04F79EFBC}") = "MySensor.Android", "MySensor\MySensor.Android\MySensor.Android.csproj", "{A849D488-5DAC-49E2-A03A-19F9839A336C}"
EndProject
Project("{FAE04EC0-301F-11D3-BF4B-00C04F79EFBC}") = "MySensor", "MySensor\MySensor\MySensor.csproj", "{4F09B274-3848-46FE-84BE-EC55E57AAD71}"
EndProject
Project("{FAE04EC0-301F-11D3-BF4B-00C04F79EFBC}") = "MySensor.iOS", "MySensor\MySensor.iOS\MySensor.iOS.csproj", "{0CC664E4-415E-4CB1-B57D-16C3FA86675F}"
EndProject
Global
	GlobalSection(SolutionConfigurationPlatforms) = preSolution
		Ad-Hoc|Any CPU = Ad-Hoc|Any CPU
		Ad-Hoc|iPhone = Ad-Hoc|iPhone
		Ad-Hoc|iPhoneSimulator = Ad-Hoc|iPhoneSimulator
		AppStore|Any CPU = AppStore|Any CPU
		AppStore|iPhone = AppStore|iPhone
		AppStore|iPhoneSimulator = AppStore|iPhoneSimulator
		Debug|Any CPU = Debug|Any CPU
		Debug|iPhone = Debug|iPhone
		Debug|iPhoneSimulator = Debug|iPhoneSimulator
		Release|Any CPU = Release|Any CPU
		Release|iPhone = Release|iPhone
		Release|iPhoneSimulator = Release|iPhoneSimulator
	EndGlobalSection
	GlobalSection(ProjectConfigurationPlatforms) = postSolution
		{A849D488-5DAC-49E2-A03A-19F9839A336C}.Ad-Hoc|Any CPU.ActiveCfg = Release|Any CPU
		{A849D488-5DAC-49E2-A03A-19F9839A336C}.Ad-Hoc|Any CPU.Build.0 = Release|Any CPU
		{A849D488-5DAC-49E2-A03A-19F9839A336C}.Ad-Hoc|Any CPU.Deploy.0 = Release|Any CPU
		{A849D488-5DAC-49E2-A03A-19F9839A336C}.Ad-Hoc|iPhone.ActiveCfg = Release|Any CPU
		{A849D488-5DAC-49E2-A03A-19F9839A336C}.Ad-Hoc|iPhone.Build.0 = Release|Any CPU
		{A849D488-5DAC-49E2-A03A-19F9839A336C}.Ad-Hoc|iPhone.Deploy.0 = Release|Any CPU
		{A849D488-5DAC-49E2-A03A-19F9839A336C}.Ad-Hoc|iPhoneSimulator.ActiveCfg = Release|Any CPU
		{A849D488-5DAC-49E2-A03A-19F9839A336C}.Ad-Hoc|iPhoneSimulator.Build.0 = Release|Any CPU
		{A849D488-5DAC-49E2-A03A-19F9839A336C}.Ad-Hoc|iPhoneSimulator.Deploy.0 = Release|Any CPU
		{A849D488-5DAC-49E2-A03A-19F9839A336C}.AppStore|Any CPU.ActiveCfg = Release|Any CPU
		{A849D488-5DAC-49E2-A03A-19F9839A336C}.AppStore|Any CPU.Build.0 = Release|Any CPU
		{A849D488-5DAC-49E2-A03A-19F9839A336C}.AppStore|Any CPU.Deploy.0 = Release|Any CPU
		{A849D488-5DAC-49E2-A03A-19F9839A336C}.AppStore|iPhone.ActiveCfg = Release|Any CPU
		{A849D488-5DAC-49E2-A03A-19F9839A336C}.AppStore|iPhone.Build.0 = Release|Any CPU
		{A849D488-5DAC-49E2-A03A-19F9839A336C}.AppStore|iPhone.Deploy.0 = Release|Any CPU
		{A849D488-5DAC-49E2-A03A-19F9839A336C}.AppStore|iPhoneSimulator.ActiveCfg = Release|Any CPU
		{A849D488-5DAC-49E2-A03A-19F9839A336C}.AppStore|iPhoneSimulator.Build.0 = Release|Any CPU
		{A849D488-5DAC-49E2-A03A-19F9839A336C}.AppStore|iPhoneSimulator.Deploy.0 = Release|Any CPU
		{A849D488-5DAC-49E2-A03A-19F9839A336C}.Debug|Any CPU.ActiveCfg = Debug|Any CPU
		{A849D488-5DAC-49E2-A03A-19F9839A336C}.Debug|Any CPU.Build.0 = Debug|Any CPU
		{A849D488-5DAC-49E2-A03A-19F9839A336C}.Debug|Any CPU.Deploy.0 = Debug|Any CPU
		{A849D488-5DAC-49E2-A03A-19F9839A336C}.Debug|iPhone.ActiveCfg = Debug|Any CPU
		{A849D488-5DAC-49E2-A03A-19F9839A336C}.Debug|iPhone.Build.0 = Debug|Any CPU
		{A849D488-5DAC-49E2-A03A-19F9839A336C}.Debug|iPhone.Deploy.0 = Debug|Any CPU
		{A849D488-5DAC-49E2-A03A-19F9839A336C}.Debug|iPhoneSimulator.ActiveCfg = Debug|Any CPU
		{A849D488-5DAC-49E2-A03A-19F9839A336C}.Debug|iPhoneSimulator.Build.0 = Debug|Any CPU
		{A849D488-5DAC-49E2-A03A-19F9839A336C}.Debug|iPhoneSimulator.Deploy.0 = Debug|Any CPU
		{A849D488-5DAC-49E2-A03A-19F9839A336C}.Release|Any CPU.ActiveCfg = Release|Any CPU
		{A849D488-5DAC-49E2-A03A-19F9839A336C}.Release|Any CPU.Build.0 = Release|Any CPU
		{A849D488-5DAC-49E2-A03A-19F9839A336C}.Release|Any CPU.Deploy.0 = Release|Any CPU
		{A849D488-5DAC-49E2-A03A-19F9839A336C}.Release|iPhone.ActiveCfg = Release|Any CPU
		{A849D488-5DAC-49E2-A03A-19F9839A336C}.Release|iPhone.Build.0 = Release|Any CPU
		{A849D488-5DAC-49E2-A03A-19F9839A336C}.Release|iPhone.Deploy.0 = Release|Any CPU
		{A849D488-5DAC-49E2-A03A-19F9839A336C}.Release|iPhoneSimulator.ActiveCfg = Release|Any CPU
		{A849D488-5DAC-49E2-A03A-19F9839A336C}.Release|iPhoneSimulator.Build.0 = Release|Any CPU
		{A849D488-5DAC-49E2-A03A-19F9839A336C}.Release|iPhoneSimulator.Deploy.0 = Release|Any CPU
		{4F09B274-3848-46FE-84BE-EC55E57AAD71}.Ad-Hoc|Any CPU.ActiveCfg = Release|Any CPU
		{4F09B274-3848-46FE-84BE-EC55E57AAD71}.Ad-Hoc|Any CPU.Build.0 = Release|Any CPU
		{4F09B274-3848-46FE-84BE-EC55E57AAD71}.Ad-Hoc|iPhone.ActiveCfg = Release|Any CPU
		{4F09B274-3848-46FE-84BE-EC55E57AAD71}.Ad-Hoc|iPhone.Build.0 = Release|Any CPU
		{4F09B274-3848-46FE-84BE-EC55E57AAD71}.Ad-Hoc|iPhoneSimulator.ActiveCfg = Release|Any CPU
		{4F09B274-3848-46FE-84BE-EC55E57AAD71}.Ad-Hoc|iPhoneSimulator.Build.0 = Release|Any CPU
		{4F09B274-3848-46FE-84BE-EC55E57AAD71}.AppStore|Any CPU.ActiveCfg = Release|Any CPU
		{4F09B274-3848-46FE-84BE-EC55E57AAD71}.AppStore|Any CPU.Build.0 = Release|Any CPU
		{4F09B274-3848-46FE-84BE-EC55E57AAD71}.AppStore|iPhone.ActiveCfg = Release|Any CPU
		{4F09B274-3848-46FE-84BE-EC55E57AAD71}.AppStore|iPhone.Build.0 = Release|Any CPU
		{4F09B274-3848-46FE-84BE-EC55E57AAD71}.AppStore|iPhoneSimulator.ActiveCfg = Release|Any CPU
		{4F09B274-3848-46FE-84BE-EC55E57AAD71}.AppStore|iPhoneSimulator.Build.0 = Release|Any CPU
		{4F09B274-3848-46FE-84BE-EC55E57AAD71}.Debug|Any CPU.ActiveCfg = Debug|Any CPU
		{4F09B274-3848-46FE-84BE-EC55E57AAD71}.Debug|Any CPU.Build.0 = Debug|Any CPU
		{4F09B274-3848-46FE-84BE-EC55E57AAD71}.Debug|iPhone.ActiveCfg = Debug|Any CPU
		{4F09B274-3848-46FE-84BE-EC55E57AAD71}.Debug|iPhone.Build.0 = Debug|Any CPU
		{4F09B274-3848-46FE-84BE-EC55E57AAD71}.Debug|iPhoneSimulator.ActiveCfg = Debug|Any CPU
		{4F09B274-3848-46FE-84BE-EC55E57AAD71}.Debug|iPhoneSimulator.Build.0 = Debug|Any CPU
		{4F09B274-3848-46FE-84BE-EC55E57AAD71}.Release|Any CPU.ActiveCfg = Release|Any CPU
		{4F09B274-3848-46FE-84BE-EC55E57AAD71}.Release|Any CPU.Build.0 = Release|Any CPU
		{4F09B274-3848-46FE-84BE-EC55E57AAD71}.Release|iPhone.ActiveCfg = Release|Any CPU
		{4F09B274-3848-46FE-84BE-EC55E57AAD71}.Release|iPhone.Build.0 = Release|Any CPU
		{4F09B274-3848-46FE-84BE-EC55E57AAD71}.Release|iPhoneSimulator.ActiveCfg = Release|Any CPU
		{4F09B274-3848-46FE-84BE-EC55E57AAD71}.Release|iPhoneSimulator.Build.0 = Release|Any CPU
		{0CC664E4-415E-4CB1-B57D-16C3FA86675F}.Ad-Hoc|Any CPU.ActiveCfg = Ad-Hoc|iPhone
		{0CC664E4-415E-4CB1-B57D-16C3FA86675F}.Ad-Hoc|iPhone.ActiveCfg = Ad-Hoc|iPhone
		{0CC664E4-415E-4CB1-B57D-16C3FA86675F}.Ad-Hoc|iPhone.Build.0 = Ad-Hoc|iPhone
		{0CC664E4-415E-4CB1-B57D-16C3FA86675F}.Ad-Hoc|iPhoneSimulator.ActiveCfg = Ad-Hoc|iPhoneSimulator
		{0CC664E4-415E-4CB1-B57D-16C3FA86675F}.Ad-Hoc|iPhoneSimulator.Build.0 = Ad-Hoc|iPhoneSimulator
		{0CC664E4-415E-4CB1-B57D-16C3FA86675F}.AppStore|Any CPU.ActiveCfg = AppStore|iPhone
		{0CC664E4-415E-4CB1-B57D-16C3FA86675F}.AppStore|iPhone.ActiveCfg = AppStore|iPhone
		{0CC664E4-415E-4CB1-B57D-16C3FA86675F}.AppStore|iPhone.Build.0 = AppStore|iPhone
		{0CC664E4-415E-4CB1-B57D-16C3FA86675F}.AppStore|iPhoneSimulator.ActiveCfg = AppStore|iPhoneSimulator
		{0CC664E4-415E-4CB1-B57D-16C3FA86675F}.AppStore|iPhoneSimulator.Build.0 = AppStore|iPhoneSimulator
		{0CC664E4-415E-4CB1-B57D-16C3FA86675F}.Debug|Any CPU.ActiveCfg = Debug|iPhone
		{0CC664E4-415E-4CB1-B57D-16C3FA86675F}.Debug|Any CPU.Build.0 = Debug|iPhone
		{0CC664E4-415E-4CB1-B57D-16C3FA86675F}.Debug|iPhone.ActiveCfg = Debug|iPhone
		{0CC664E4-415E-4CB1-B57D-16C3FA86675F}.Debug|iPhone.Build.0 = Debug|iPhone
		{0CC664E4-415E-4CB1-B57D-16C3FA86675F}.Debug|iPhoneSimulator.ActiveCfg = Debug|iPhoneSimulator
		{0CC664E4-415E-4CB1-B57D-16C3FA86675F}.Debug|iPhoneSimulator.Build.0 = Debug|iPhoneSimulator
		{0CC664E4-415E-4CB1-B57D-16C3FA86675F}.Release|Any CPU.ActiveCfg = Release|iPhone
		{0CC664E4-415E-4CB1-B57D-16C3FA86675F}.Release|iPhone.ActiveCfg = Release|iPhone
		{0CC664E4-415E-4CB1-B57D-16C3FA86675F}.Release|iPhone.Build.0 = Release|iPhone
		{0CC664E4-415E-4CB1-B57D-16C3FA86675F}.Release|iPhoneSimulator.ActiveCfg = Release|iPhoneSimulator
		{0CC664E4-415E-4CB1-B57D-16C3FA86675F}.Release|iPhoneSimulator.Build.0 = Release|iPhoneSimulator
	EndGlobalSection
	GlobalSection(SolutionProperties) = preSolution
		HideSolutionNode = FALSE
	EndGlobalSection
EndGlobal
